dependencies:
- name: traefik
  repository: https://traefik.github.io/charts
  version: 41.3.0
- name: cert-manager
  repository: oci://quay.io/jetstack/charts
  version: 1.21.1
- name: nfs-subdir-external-provisioner
  repository: https://kubernetes-sigs.github.io/nfs-subdir-external-provisioner/
  version: 4.0.18
- name: metrics-server
  repository: https://kubernetes-sigs.github.io/metrics-server/
  version: 3.13.0
digest: sha256:2d0d42490d24b4bdc5911de4c8ea7d683e952b83c4375332344a9c599513aaf4
generated: "2026-08-26T01:20:22.539214-07:00"
