dependencies:
- name: traefik
  repository: https://traefik.github.io/charts
  version: 41.3.0
- name: cert-manager
  repository: oci://quay.io/jetstack/charts
  version: 1.21.1
- name: nfs-subdir-external-provisioner
  repository: https://kubernetes-sigs.github.io/nfs-subdir-external-provisioner/
  version: 4.0.18
digest: sha256:75d7db3a1c5195eb05c51bec286334add90ededa50246df84dac3ad31b1411a5
generated: "2026-08-25T00:23:37.363362-07:00"
